
Microsoft Visual Studio Solution File, Format Version 12.00
# Visual Studio Version 17
VisualStudioVersion = 17.4.33213.308
MinimumVisualStudioVersion = 10.0.40219.1
Project("{FAE04EC0-301F-11D3-BF4B-00C04F79EFBC}") = "CA1 College", "CA1 College\CA1 College.csproj", "{AC5C3085-44BF-4E1A-BB9E-914CB7343E4B}"
EndProject
Global
	GlobalSection(SolutionConfigurationPlatforms) = preSolution
		Debug|Any CPU = Debug|Any CPU
		Release|Any CPU = Release|Any CPU
	EndGlobalSection
	GlobalSection(ProjectConfigurationPlatforms) = postSolution
		{AC5C3085-44BF-4E1A-BB9E-914CB7343E4B}.Debug|Any CPU.ActiveCfg = Debug|Any CPU
		{AC5C3085-44BF-4E1A-BB9E-914CB7343E4B}.Debug|Any CPU.Build.0 = Debug|Any CPU
		{AC5C3085-44BF-4E1A-BB9E-914CB7343E4B}.Release|Any CPU.ActiveCfg = Release|Any CPU
		{AC5C3085-44BF-4E1A-BB9E-914CB7343E4B}.Release|Any CPU.Build.0 = Release|Any CPU
	EndGlobalSection
	GlobalSection(SolutionProperties) = preSolution
		HideSolutionNode = FALSE
	EndGlobalSection
	GlobalSection(ExtensibilityGlobals) = postSolution
		SolutionGuid = {1C503E94-A953-49C7-8F1D-51652DC70F5E}
	EndGlobalSection
EndGlobal
